// !$*UTF8*$!
{
	archiveVersion = 1;
	classes = {
	};
	objectVersion = 48;
	objects = {

/* Begin PBXBuildFile section */
		C52274312180CC1F0072882D /* AppDelegate.swift in Sources */ = {isa = PBXBuildFile; fileRef = C52274302180CC1F0072882D /* AppDelegate.swift */; };
		C52274332180CC1F0072882D /* ViewController.swift in Sources */ = {isa = PBXBuildFile; fileRef = C52274322180CC1F0072882D /* ViewController.swift */; };
		C52274362180CC1F0072882D /* Main.storyboard in Resources */ = {isa = PBXBuildFile; fileRef = C52274342180CC1F0072882D /* Main.storyboard */; };
		C52274382180CC1F0072882D /* Assets.xcassets in Resources */ = {isa = PBXBuildFile; fileRef = C52274372180CC1F0072882D /* Assets.xcassets */; };
		C522743B2180CC1F0072882D /* LaunchScreen.storyboard in Resources */ = {isa = PBXBuildFile; fileRef = C52274392180CC1F0072882D /* LaunchScreen.storyboard */; };
		C52274432180CC420072882D /* SignUpViewController.swift in Sources */ = {isa = PBXBuildFile; fileRef = C52274422180CC420072882D /* SignUpViewController.swift */; };
/* End PBXBuildFile section */

/* Begin PBXFileReference section */
		C522742D2180CC1F0072882D /* khawar.app */ = {isa = PBXFileReference; explicitFileType = wrapper.application; includeInIndex = 0; path = khawar.app; sourceTree = BUILT_PRODUCTS_DIR; };
		C52274302180CC1F0072882D /* AppDelegate.swift */ = {isa = PBXFileReference; lastKnownFileType = sourcecode.swift; path = AppDelegate.swift; sourceTree = "<group>"; };
		C52274322180CC1F0072882D /* ViewController.swift */ = {isa = PBXFileReference; lastKnownFileType = sourcecode.swift; path = ViewController.swift; sourceTree = "<group>"; };
		C52274352180CC1F0072882D /* Base */ = {isa = PBXFileReference; lastKnownFileType = file.storyboard; name = Base; path = Base.lproj/Main.storyboard; sourceTree = "<group>"; };
		C52274372180CC1F0072882D /* Assets.xcassets */ = {isa = PBXFileReference; lastKnownFileType = folder.assetcatalog; path = Assets.xcassets; sourceTree = "<group>"; };
		C522743A2180CC1F0072882D /* Base */ = {isa = PBXFileReference; lastKnownFileType = file.storyboard; name = Base; path = Base.lproj/LaunchScreen.storyboard; sourceTree = "<group>"; };
		C522743C2180CC1F0072882D /* Info.plist */ = {isa = PBXFileReference; lastKnownFileType = text.plist.xml; path = Info.plist; sourceTree = "<group>"; };
		C52274422180CC420072882D /* SignUpViewController.swift */ = {isa = PBXFileReference; lastKnownFileType = sourcecode.swift; path = SignUpViewController.swift; sourceTree = "<group>"; };
/* End PBXFileReference section */

/* Begin PBXFrameworksBuildPhase section */
		C522742A2180CC1F0072882D /* Frameworks */ = {
			isa = PBXFrameworksBuildPhase;
			buildActionMask = 2147483647;
			files = (
			);
			runOnlyForDeploymentPostprocessing = 0;
		};
/* End PBXFrameworksBuildPhase section */

/* Begin PBXGroup section */
		C52274242180CC1F0072882D = {
			isa = PBXGroup;
			children = (
				C522742F2180CC1F0072882D /* khawar */,
				C522742E2180CC1F0072882D /* Products */,
			);
			sourceTree = "<group>";
		};
		C522742E2180CC1F0072882D /* Products */ = {
			isa = PBXGroup;
			children = (
				C522742D2180CC1F0072882D /* khawar.app */,
			);
			name = Products;
			sourceTree = "<group>";
		};
		C522742F2180CC1F0072882D /* khawar */ = {
			isa = PBXGroup;
			children = (
				C52274302180CC1F0072882D /* AppDelegate.swift */,
				C52274322180CC1F0072882D /* ViewController.swift */,
				C52274422180CC420072882D /* SignUpViewController.swift */,
				C52274342180CC1F0072882D /* Main.storyboard */,
				C52274372180CC1F0072882D /* Assets.xcassets */,
				C52274392180CC1F0072882D /* LaunchScreen.storyboard */,
				C522743C2180CC1F0072882D /* Info.plist */,
			);
			path = khawar;
			sourceTree = "<group>";
		};
/* End PBXGroup section */

/* Begin PBXNativeTarget section */
		C522742C2180CC1F0072882D /* khawar */ = {
			isa = PBXNativeTarget;
			buildConfigurationList = C522743F2180CC1F0072882D /* Build configuration list for PBXNativeTarget "khawar" */;
			buildPhases = (
				C52274292180CC1F0072882D /* Sources */,
				C522742A2180CC1F0072882D /* Frameworks */,
				C522742B2180CC1F0072882D /* Resources */,
			);
			buildRules = (
			);
			dependencies = (
			);
			name = khawar;
			productName = khawar;
			productReference = C522742D2180CC1F0072882D /* khawar.app */;
			productType = "com.apple.product-type.application";
		};
/* End PBXNativeTarget section */

/* Begin PBXProject section */
		C52274252180CC1F0072882D /* Project object */ = {
			isa = PBXProject;
			attributes = {
				LastSwiftUpdateCheck = 0920;
				LastUpgradeCheck = 0920;
				ORGANIZATIONNAME = Khawar;
				TargetAttributes = {
					C522742C2180CC1F0072882D = {
						CreatedOnToolsVersion = 9.2;
						ProvisioningStyle = Automatic;
					};
				};
			};
			buildConfigurationList = C52274282180CC1F0072882D /* Build configuration list for PBXProject "khawar" */;
			compatibilityVersion = "Xcode 8.0";
			developmentRegion = en;
			hasScannedForEncodings = 0;
			knownRegions = (
				en,
				Base,
			);
			mainGroup = C52274242180CC1F0072882D;
			productRefGroup = C522742E2180CC1F0072882D /* Products */;
			projectDirPath = "";
			projectRoot = "";
			targets = (
				C522742C2180CC1F0072882D /* khawar */,
			);
		};
/* End PBXProject section */

/* Begin PBXResourcesBuildPhase section */
		C522742B2180CC1F0072882D /* Resources */ = {
			isa = PBXResourcesBuildPhase;
			buildActionMask = 2147483647;
			files = (
				C522743B2180CC1F0072882D /* LaunchScreen.storyboard in Resources */,
				C52274382180CC1F0072882D /* Assets.xcassets in Resources */,
				C52274362180CC1F0072882D /* Main.storyboard in Resources */,
			);
			runOnlyForDeploymentPostprocessing = 0;
		};
/* End PBXResourcesBuildPhase section */

/* Begin PBXSourcesBuildPhase section */
		C52274292180CC1F0072882D /* Sources */ = {
			isa = PBXSourcesBuildPhase;
			buildActionMask = 2147483647;
			files = (
				C52274432180CC420072882D /* SignUpViewController.swift in Sources */,
				C52274332180CC1F0072882D /* ViewController.swift in Sources */,
				C52274312180CC1F0072882D /* AppDelegate.swift in Sources */,
			);
			runOnlyForDeploymentPostprocessing = 0;
		};
/* End PBXSourcesBuildPhase section */

/* Begin PBXVariantGroup section */
		C52274342180CC1F0072882D /* Main.storyboard */ = {
			isa = PBXVariantGroup;
			children = (
				C52274352180CC1F0072882D /* Base */,
			);
			name = Main.storyboard;
			sourceTree = "<group>";
		};
		C52274392180CC1F0072882D /* LaunchScreen.storyboard */ = {
			isa = PBXVariantGroup;
			children = (
				C522743A2180CC1F0072882D /* Base */,
			);
			name = LaunchScreen.storyboard;
			sourceTree = "<group>";
		};
/* End PBXVariantGroup section */

/* Begin XCBuildConfiguration section */
		C522743D2180CC1F0072882D /* Debug */ = {
			isa = XCBuildConfiguration;
			buildSettings = {
				ALWAYS_SEARCH_USER_PATHS = NO;
				CLANG_ANALYZER_NONNULL = YES;
				CLANG_ANALYZER_NUMBER_OBJECT_CONVERSION = YES_AGGRESSIVE;
				CLANG_CXX_LANGUAGE_STANDARD = "gnu++14";
				CLANG_CXX_LIBRARY = "libc++";
				CLANG_ENABLE_MODULES = YES;
				CLANG_ENABLE_OBJC_ARC = YES;
				CLANG_WARN_BLOCK_CAPTURE_AUTORELEASING = YES;
				CLANG_WARN_BOOL_CONVERSION = YES;
				CLANG_WARN_COMMA = YES;
				CLANG_WARN_CONSTANT_CONVERSION = YES;
				CLANG_WARN_DIRECT_OBJC_ISA_USAGE = YES_ERROR;
				CLANG_WARN_DOCUMENTATION_COMMENTS = YES;
				CLANG_WARN_EMPTY_BODY = YES;
				CLANG_WARN_ENUM_CONVERSION = YES;
				CLANG_WARN_INFINITE_RECURSION = YES;
				CLANG_WARN_INT_CONVERSION = YES;
				CLANG_WARN_NON_LITERAL_NULL_CONVERSION = YES;
				CLANG_WARN_OBJC_LITERAL_CONVERSION = YES;
				CLANG_WARN_OBJC_ROOT_CLASS = YES_ERROR;
				CLANG_WARN_RANGE_LOOP_ANALYSIS = YES;
				CLANG_WARN_STRICT_PROTOTYPES = YES;
				CLANG_WARN_SUSPICIOUS_MOVE = YES;
				CLANG_WARN_UNGUARDED_AVAILABILITY = YES_AGGRESSIVE;
				CLANG_WARN_UNREACHABLE_CODE = YES;
				CLANG_WARN__DUPLICATE_METHOD_MATCH = YES;
				CODE_SIGN_IDENTITY = "iPhone Developer";
				COPY_PHASE_STRIP = NO;
				DEBUG_INFORMATION_FORMAT = dwarf;
				ENABLE_STRICT_OBJC_MSGSEND = YES;
				ENABLE_TESTABILITY = YES;
				GCC_C_LANGUAGE_STANDARD = gnu11;
				GCC_DYNAMIC_NO_PIC = NO;
				GCC_NO_COMMON_BLOCKS = YES;
				GCC_OPTIMIZATION_LEVEL = 0;
				GCC_PREPROCESSOR_DEFINITIONS = (
					"DEBUG=1",
					"$(inherited)",
				);
				GCC_WARN_64_TO_32_BIT_CONVERSION = YES;
				GCC_WARN_ABOUT_RETURN_TYPE = YES_ERROR;
				GCC_WARN_UNDECLARED_SELECTOR = YES;
				GCC_WARN_UNINITIALIZED_AUTOS = YES_AGGRESSIVE;
				GCC_WARN_UNUSED_FUNCTION = YES;
				GCC_WARN_UNUSED_VARIABLE = YES;
				IPHONEOS_DEPLOYMENT_TARGET = 11.2;
				MTL_ENABLE_DEBUG_INFO = YES;
				ONLY_ACTIVE_ARCH = YES;
				SDKROOT = iphoneos;
				SWIFT_ACTIVE_COMPILATION_CONDITIONS = DEBUG;
				SWIFT_OPTIMIZATION_LEVEL = "-Onone";
			};
			name = Debug;
		};
		C522743E2180CC1F0072882D /* Release */ = {
			isa = XCBuildConfiguration;
			buildSettings = {
				ALWAYS_SEARCH_USER_PATHS = NO;
				CLANG_ANALYZER_NONNULL = YES;
				CLANG_ANALYZER_NUMBER_OBJECT_CONVERSION = YES_AGGRESSIVE;
				CLANG_CXX_LANGUAGE_STANDARD = "gnu++14";
				CLANG_CXX_LIBRARY = "libc++";
				CLANG_ENABLE_MODULES = YES;
				CLANG_ENABLE_OBJC_ARC = YES;
				CLANG_WARN_BLOCK_CAPTURE_AUTORELEASING = YES;
				CLANG_WARN_BOOL_CONVERSION = YES;
				CLANG_WARN_COMMA = YES;
				CLANG_WARN_CONSTANT_CONVERSION = YES;
				CLANG_WARN_DIRECT_OBJC_ISA_USAGE = YES_ERROR;
				CLANG_WARN_DOCUMENTATION_COMMENTS = YES;
				CLANG_WARN_EMPTY_BODY = YES;
				CLANG_WARN_ENUM_CONVERSION = YES;
				CLANG_WARN_INFINITE_RECURSION = YES;
				CLANG_WARN_INT_CONVERSION = YES;
				CLANG_WARN_NON_LITERAL_NULL_CONVERSION = YES;
				CLANG_WARN_OBJC_LITERAL_CONVERSION = YES;
				CLANG_WARN_OBJC_ROOT_CLASS = YES_ERROR;
				CLANG_WARN_RANGE_LOOP_ANALYSIS = YES;
				CLANG_WARN_STRICT_PROTOTYPES = YES;
				CLANG_WARN_SUSPICIOUS_MOVE = YES;
				CLANG_WARN_UNGUARDED_AVAILABILITY = YES_AGGRESSIVE;
				CLANG_WARN_UNREACHABLE_CODE = YES;
				CLANG_WARN__DUPLICATE_METHOD_MATCH = YES;
				CODE_SIGN_IDENTITY = "iPhone Developer";
				COPY_PHASE_STRIP = NO;
				DEBUG_INFORMATION_FORMAT = "dwarf-with-dsym";
				ENABLE_NS_ASSERTIONS = NO;
				ENABLE_STRICT_OBJC_MSGSEND = YES;
				GCC_C_LANGUAGE_STANDARD = gnu11;
				GCC_NO_COMMON_BLOCKS = YES;
				GCC_WARN_64_TO_32_BIT_CONVERSION = YES;
				GCC_WARN_ABOUT_RETURN_TYPE = YES_ERROR;
				GCC_WARN_UNDECLARED_SELECTOR = YES;
				GCC_WARN_UNINITIALIZED_AUTOS = YES_AGGRESSIVE;
				GCC_WARN_UNUSED_FUNCTION = YES;
				GCC_WARN_UNUSED_VARIABLE = YES;
				IPHONEOS_DEPLOYMENT_TARGET = 11.2;
				MTL_ENABLE_DEBUG_INFO = NO;
				SDKROOT = iphoneos;
				SWIFT_OPTIMIZATION_LEVEL = "-Owholemodule";
				VALIDATE_PRODUCT = YES;
			};
			name = Release;
		};
		C52274402180CC1F0072882D /* Debug */ = {
			isa = XCBuildConfiguration;
			buildSettings = {
				ASSETCATALOG_COMPILER_APPICON_NAME = AppIcon;
				CODE_SIGN_STYLE = Automatic;
				DEVELOPMENT_TEAM = VPFARXY4LX;
				INFOPLIST_FILE = khawar/Info.plist;
				LD_RUNPATH_SEARCH_PATHS = "$(inherited) @executable_path/Frameworks";
				PRODUCT_BUNDLE_IDENTIFIER = HexardLab.khawar;
				PRODUCT_NAME = "$(TARGET_NAME)";
				SWIFT_VERSION = 4.0;
				TARGETED_DEVICE_FAMILY = "1,2";
			};
			name = Debug;
		};
		C52274412180CC1F0072882D /* Release */ = {
			isa = XCBuildConfiguration;
			buildSettings = {
				ASSETCATALOG_COMPILER_APPICON_NAME = AppIcon;
				CODE_SIGN_STYLE = Automatic;
				DEVELOPMENT_TEAM = VPFARXY4LX;
				INFOPLIST_FILE = khawar/Info.plist;
				LD_RUNPATH_SEARCH_PATHS = "$(inherited) @executable_path/Frameworks";
				PRODUCT_BUNDLE_IDENTIFIER = HexardLab.khawar;
				PRODUCT_NAME = "$(TARGET_NAME)";
				SWIFT_VERSION = 4.0;
				TARGETED_DEVICE_FAMILY = "1,2";
			};
			name = Release;
		};
/* End XCBuildConfiguration section */

/* Begin XCConfigurationList section */
		C52274282180CC1F0072882D /* Build configuration list for PBXProject "khawar" */ = {
			isa = XCConfigurationList;
			buildConfigurations = (
				C522743D2180CC1F0072882D /* Debug */,
				C522743E2180CC1F0072882D /* Release */,
			);
			defaultConfigurationIsVisible = 0;
			defaultConfigurationName = Release;
		};
		C522743F2180CC1F0072882D /* Build configuration list for PBXNativeTarget "khawar" */ = {
			isa = XCConfigurationList;
			buildConfigurations = (
				C52274402180CC1F0072882D /* Debug */,
				C52274412180CC1F0072882D /* Release */,
			);
			defaultConfigurationIsVisible = 0;
			defaultConfigurationName = Release;
		};
/* End XCConfigurationList section */
	};
	rootObject = C52274252180CC1F0072882D /* Project object */;
}
